
Microsoft Visual Studio Solution File, Format Version 12.00
# Visual Studio 15
VisualStudioVersion = 15.0.28307.572
MinimumVisualStudioVersion = 10.0.40219.1
Project("{FAE04EC0-301F-11D3-BF4B-00C04F79EFBC}") = "L002", "L002\L002.csproj", "{F4511AF6-042A-439C-86FB-690AEA3364CD}"
EndProject
Global
	GlobalSection(SolutionConfigurationPlatforms) = preSolution
		Debug|Any CPU = Debug|Any CPU
		Release|Any CPU = Release|Any CPU
	EndGlobalSection
	GlobalSection(ProjectConfigurationPlatforms) = postSolution
		{F4511AF6-042A-439C-86FB-690AEA3364CD}.Debug|Any CPU.ActiveCfg = Debug|Any CPU
		{F4511AF6-042A-439C-86FB-690AEA3364CD}.Debug|Any CPU.Build.0 = Debug|Any CPU
		{F4511AF6-042A-439C-86FB-690AEA3364CD}.Release|Any CPU.ActiveCfg = Release|Any CPU
		{F4511AF6-042A-439C-86FB-690AEA3364CD}.Release|Any CPU.Build.0 = Release|Any CPU
	EndGlobalSection
	GlobalSection(SolutionProperties) = preSolution
		HideSolutionNode = FALSE
	EndGlobalSection
	GlobalSection(ExtensibilityGlobals) = postSolution
		SolutionGuid = {79BDD0C2-C5D2-4455-896B-5F307C9A4C3C}
	EndGlobalSection
EndGlobal
